Microsoft Visual Studio Solution File, Format Version 12.00
# Visual Studio 2012
Project("{FAE04EC0-301F-11D3-BF4B-00C04F79EFBC}") = "HikingSeek", "HikingSeek.csproj", "{80AC5250-4AB3-4A3B-BCB1-FDC62A14349E}"
EndProject
Global
	GlobalSection(SolutionConfigurationPlatforms) = preSolution
	Debug|Any CPU = Debug|Any CPU
	ExportDebug|Any CPU = ExportDebug|Any CPU
	ExportRelease|Any CPU = ExportRelease|Any CPU
	EndGlobalSection
	GlobalSection(ProjectConfigurationPlatforms) = postSolution
		{80AC5250-4AB3-4A3B-BCB1-FDC62A14349E}.Debug|Any CPU.ActiveCfg = Debug|Any CPU
		{80AC5250-4AB3-4A3B-BCB1-FDC62A14349E}.Debug|Any CPU.Build.0 = Debug|Any CPU
		{80AC5250-4AB3-4A3B-BCB1-FDC62A14349E}.ExportDebug|Any CPU.ActiveCfg = ExportDebug|Any CPU
		{80AC5250-4AB3-4A3B-BCB1-FDC62A14349E}.ExportDebug|Any CPU.Build.0 = ExportDebug|Any CPU
		{80AC5250-4AB3-4A3B-BCB1-FDC62A14349E}.ExportRelease|Any CPU.ActiveCfg = ExportRelease|Any CPU
		{80AC5250-4AB3-4A3B-BCB1-FDC62A14349E}.ExportRelease|Any CPU.Build.0 = ExportRelease|Any CPU
	EndGlobalSection
EndGlobal
